
Microsoft Visual Studio Solution File, Format Version 12.00
# Visual Studio 2012
Project("{FAE04EC0-301F-11D3-BF4B-00C04F79EFBC}") = "CrosswordSolver", "CrosswordSolver\CrosswordSolver.csproj", "{B4D7899E-446A-4E83-B70D-9747E6E663C4}"
EndProject
Project("{FAE04EC0-301F-11D3-BF4B-00C04F79EFBC}") = "CrosswordSolver.Tests", "CrosswordSolver.Tests\CrosswordSolver.Tests.csproj", "{FDDE3072-490B-4666-9815-8EF4B0799C1A}"
EndProject
Project("{FAE04EC0-301F-11D3-BF4B-00C04F79EFBC}") = "CrowsswordSolver.Mvc", "CrowsswordSolver.Mvc\CrowsswordSolver.Mvc.csproj", "{06D3A15B-2B52-43EE-AD86-EF71FFEBC82E}"
EndProject
Project("{FAE04EC0-301F-11D3-BF4B-00C04F79EFBC}") = "CrosswordSolver.Script", "CrosswordSolver.Script\CrosswordSolver.Script.csproj", "{A0DA8606-D615-4BE2-A136-63542B58A6EE}"
EndProject
Global
	GlobalSection(SolutionConfigurationPlatforms) = preSolution
		Debug|Any CPU = Debug|Any CPU
		Release|Any CPU = Release|Any CPU
	EndGlobalSection
	GlobalSection(ProjectConfigurationPlatforms) = postSolution
		{B4D7899E-446A-4E83-B70D-9747E6E663C4}.Debug|Any CPU.ActiveCfg = Debug|Any CPU
		{B4D7899E-446A-4E83-B70D-9747E6E663C4}.Debug|Any CPU.Build.0 = Debug|Any CPU
		{B4D7899E-446A-4E83-B70D-9747E6E663C4}.Release|Any CPU.ActiveCfg = Release|Any CPU
		{B4D7899E-446A-4E83-B70D-9747E6E663C4}.Release|Any CPU.Build.0 = Release|Any CPU
		{FDDE3072-490B-4666-9815-8EF4B0799C1A}.Debug|Any CPU.ActiveCfg = Debug|Any CPU
		{FDDE3072-490B-4666-9815-8EF4B0799C1A}.Debug|Any CPU.Build.0 = Debug|Any CPU
		{FDDE3072-490B-4666-9815-8EF4B0799C1A}.Release|Any CPU.ActiveCfg = Release|Any CPU
		{FDDE3072-490B-4666-9815-8EF4B0799C1A}.Release|Any CPU.Build.0 = Release|Any CPU
		{06D3A15B-2B52-43EE-AD86-EF71FFEBC82E}.Debug|Any CPU.ActiveCfg = Debug|Any CPU
		{06D3A15B-2B52-43EE-AD86-EF71FFEBC82E}.Debug|Any CPU.Build.0 = Debug|Any CPU
		{06D3A15B-2B52-43EE-AD86-EF71FFEBC82E}.Release|Any CPU.ActiveCfg = Release|Any CPU
		{06D3A15B-2B52-43EE-AD86-EF71FFEBC82E}.Release|Any CPU.Build.0 = Release|Any CPU
		{A0DA8606-D615-4BE2-A136-63542B58A6EE}.Debug|Any CPU.ActiveCfg = Debug|Any CPU
		{A0DA8606-D615-4BE2-A136-63542B58A6EE}.Debug|Any CPU.Build.0 = Debug|Any CPU
		{A0DA8606-D615-4BE2-A136-63542B58A6EE}.Release|Any CPU.ActiveCfg = Release|Any CPU
		{A0DA8606-D615-4BE2-A136-63542B58A6EE}.Release|Any CPU.Build.0 = Release|Any CPU
	EndGlobalSection
	GlobalSection(SolutionProperties) = preSolution
		HideSolutionNode = FALSE
	EndGlobalSection
EndGlobal
